// !$*UTF8*$!
{
	archiveVersion = 1;
	classes = {
	};
	objectVersion = 56;
	objects = {

/* Begin PBXBuildFile section */
		E606AE2F2B05342C004661E9 /* User.swift in Sources */ = {isa = PBXBuildFile; fileRef = E606AE2E2B05342C004661E9 /* User.swift */; };
		E61C4F2E2B017EFA002EBAA5 /* Colors.swift in Sources */ = {isa = PBXBuildFile; fileRef = E61C4F2D2B017EFA002EBAA5 /* Colors.swift */; };
		E61C4F302B018373002EBAA5 /* language-colors.json in Resources */ = {isa = PBXBuildFile; fileRef = E61C4F2F2B018373002EBAA5 /* language-colors.json */; };
		E64479412B00113700525CC8 /* Network.swift in Sources */ = {isa = PBXBuildFile; fileRef = E64479402B00113700525CC8 /* Network.swift */; };
		E64AF50C2AFEBEC4008AD159 /* Repository.swift in Sources */ = {isa = PBXBuildFile; fileRef = E64AF50B2AFEBEC4008AD159 /* Repository.swift */; };
		E69768F82AFE609A003BDA50 /* AppDelegate.swift in Sources */ = {isa = PBXBuildFile; fileRef = E69768F72AFE609A003BDA50 /* AppDelegate.swift */; };
		E69768FA2AFE609A003BDA50 /* SceneDelegate.swift in Sources */ = {isa = PBXBuildFile; fileRef = E69768F92AFE609A003BDA50 /* SceneDelegate.swift */; };
		E69768FF2AFE609A003BDA50 /* Main.storyboard in Resources */ = {isa = PBXBuildFile; fileRef = E69768FD2AFE609A003BDA50 /* Main.storyboard */; };
		E69769012AFE609E003BDA50 /* Assets.xcassets in Resources */ = {isa = PBXBuildFile; fileRef = E69769002AFE609E003BDA50 /* Assets.xcassets */; };
		E69769042AFE609E003BDA50 /* LaunchScreen.storyboard in Resources */ = {isa = PBXBuildFile; fileRef = E69769022AFE609E003BDA50 /* LaunchScreen.storyboard */; };
		E69769142AFE72B6003BDA50 /* ViewController.swift in Sources */ = {isa = PBXBuildFile; fileRef = E69769132AFE72B6003BDA50 /* ViewController.swift */; };
		E69769162AFE72CD003BDA50 /* ResultsViewController.swift in Sources */ = {isa = PBXBuildFile; fileRef = E69769152AFE72CD003BDA50 /* ResultsViewController.swift */; };
		E69B715A2B0567B500E4CEE7 /* OptionsViewController.swift in Sources */ = {isa = PBXBuildFile; fileRef = E69B71592B0567B500E4CEE7 /* OptionsViewController.swift */; };
		E6B0AC5F2B0150A600F0C6D9 /* CellView.xib in Resources */ = {isa = PBXBuildFile; fileRef = E6B0AC5E2B0150A600F0C6D9 /* CellView.xib */; };
		E6B0AC612B0150D100F0C6D9 /* CellView.swift in Sources */ = {isa = PBXBuildFile; fileRef = E6B0AC602B0150D100F0C6D9 /* CellView.swift */; };
		E6BBE0FD2B06F4F700005F53 /* ExtensionsSwift.swift in Sources */ = {isa = PBXBuildFile; fileRef = E6BBE0FC2B06F4F700005F53 /* ExtensionsSwift.swift */; };
		E6EA8EF22B02284C001E4EEE /* HeaderCell.swift in Sources */ = {isa = PBXBuildFile; fileRef = E6EA8EF12B02284C001E4EEE /* HeaderCell.swift */; };
		E6EA8EF42B022990001E4EEE /* HeaderCell.xib in Resources */ = {isa = PBXBuildFile; fileRef = E6EA8EF32B022990001E4EEE /* HeaderCell.xib */; };
		E6FDA2442B06E2EE00CB6DEB /* FilterCell.xib in Resources */ = {isa = PBXBuildFile; fileRef = E6FDA2432B06E2EE00CB6DEB /* FilterCell.xib */; };
		E6FDA2462B06E31E00CB6DEB /* FilterCell.swift in Sources */ = {isa = PBXBuildFile; fileRef = E6FDA2452B06E31E00CB6DEB /* FilterCell.swift */; };
/* End PBXBuildFile section */

/* Begin PBXFileReference section */
		E606AE2E2B05342C004661E9 /* User.swift */ = {isa = PBXFileReference; lastKnownFileType = sourcecode.swift; path = User.swift; sourceTree = "<group>"; };
		E61C4F2D2B017EFA002EBAA5 /* Colors.swift */ = {isa = PBXFileReference; lastKnownFileType = sourcecode.swift; path = Colors.swift; sourceTree = "<group>"; };
		E61C4F2F2B018373002EBAA5 /* language-colors.json */ = {isa = PBXFileReference; fileEncoding = 4; lastKnownFileType = text.json; path = "language-colors.json"; sourceTree = "<group>"; };
		E64479402B00113700525CC8 /* Network.swift */ = {isa = PBXFileReference; lastKnownFileType = sourcecode.swift; path = Network.swift; sourceTree = "<group>"; };
		E64AF50B2AFEBEC4008AD159 /* Repository.swift */ = {isa = PBXFileReference; lastKnownFileType = sourcecode.swift; path = Repository.swift; sourceTree = "<group>"; };
		E69768F42AFE609A003BDA50 /* IOS-class-test.app */ = {isa = PBXFileReference; explicitFileType = wrapper.application; includeInIndex = 0; path = "IOS-class-test.app"; sourceTree = BUILT_PRODUCTS_DIR; };
		E69768F72AFE609A003BDA50 /* AppDelegate.swift */ = {isa = PBXFileReference; lastKnownFileType = sourcecode.swift; path = AppDelegate.swift; sourceTree = "<group>"; };
		E69768F92AFE609A003BDA50 /* SceneDelegate.swift */ = {isa = PBXFileReference; lastKnownFileType = sourcecode.swift; path = SceneDelegate.swift; sourceTree = "<group>"; };
		E69768FE2AFE609A003BDA50 /* Base */ = {isa = PBXFileReference; lastKnownFileType = file.storyboard; name = Base; path = Base.lproj/Main.storyboard; sourceTree = "<group>"; };
		E69769002AFE609E003BDA50 /* Assets.xcassets */ = {isa = PBXFileReference; lastKnownFileType = folder.assetcatalog; path = Assets.xcassets; sourceTree = "<group>"; };
		E69769032AFE609E003BDA50 /* Base */ = {isa = PBXFileReference; lastKnownFileType = file.storyboard; name = Base; path = Base.lproj/LaunchScreen.storyboard; sourceTree = "<group>"; };
		E69769052AFE609E003BDA50 /* Info.plist */ = {isa = PBXFileReference; lastKnownFileType = text.plist.xml; path = Info.plist; sourceTree = "<group>"; };
		E69769132AFE72B6003BDA50 /* ViewController.swift */ = {isa = PBXFileReference; lastKnownFileType = sourcecode.swift; path = ViewController.swift; sourceTree = "<group>"; };
		E69769152AFE72CD003BDA50 /* ResultsViewController.swift */ = {isa = PBXFileReference; lastKnownFileType = sourcecode.swift; path = ResultsViewController.swift; sourceTree = "<group>"; };
		E69B71592B0567B500E4CEE7 /* OptionsViewController.swift */ = {isa = PBXFileReference; lastKnownFileType = sourcecode.swift; path = OptionsViewController.swift; sourceTree = "<group>"; };
		E6B0AC5E2B0150A600F0C6D9 /* CellView.xib */ = {isa = PBXFileReference; lastKnownFileType = file.xib; path = CellView.xib; sourceTree = "<group>"; };
		E6B0AC602B0150D100F0C6D9 /* CellView.swift */ = {isa = PBXFileReference; lastKnownFileType = sourcecode.swift; path = CellView.swift; sourceTree = "<group>"; };
		E6BBE0FC2B06F4F700005F53 /* ExtensionsSwift.swift */ = {isa = PBXFileReference; lastKnownFileType = sourcecode.swift; path = ExtensionsSwift.swift; sourceTree = "<group>"; };
		E6EA8EF12B02284C001E4EEE /* HeaderCell.swift */ = {isa = PBXFileReference; lastKnownFileType = sourcecode.swift; path = HeaderCell.swift; sourceTree = "<group>"; };
		E6EA8EF32B022990001E4EEE /* HeaderCell.xib */ = {isa = PBXFileReference; lastKnownFileType = file.xib; path = HeaderCell.xib; sourceTree = "<group>"; };
		E6FDA2432B06E2EE00CB6DEB /* FilterCell.xib */ = {isa = PBXFileReference; lastKnownFileType = file.xib; path = FilterCell.xib; sourceTree = "<group>"; };
		E6FDA2452B06E31E00CB6DEB /* FilterCell.swift */ = {isa = PBXFileReference; lastKnownFileType = sourcecode.swift; path = FilterCell.swift; sourceTree = "<group>"; };
/* End PBXFileReference section */

/* Begin PBXFrameworksBuildPhase section */
		E69768F12AFE609A003BDA50 /* Frameworks */ = {
			isa = PBXFrameworksBuildPhase;
			buildActionMask = 2147483647;
			files = (
			);
			runOnlyForDeploymentPostprocessing = 0;
		};
/* End PBXFrameworksBuildPhase section */

/* Begin PBXGroup section */
		E61C4F2C2B017EC2002EBAA5 /* Colors */ = {
			isa = PBXGroup;
			children = (
				E61C4F2F2B018373002EBAA5 /* language-colors.json */,
				E61C4F2D2B017EFA002EBAA5 /* Colors.swift */,
			);
			path = Colors;
			sourceTree = "<group>";
		};
		E644793F2B00110F00525CC8 /* Network */ = {
			isa = PBXGroup;
			children = (
				E64479402B00113700525CC8 /* Network.swift */,
			);
			path = Network;
			sourceTree = "<group>";
		};
		E64AF50A2AFEBCEB008AD159 /* Model */ = {
			isa = PBXGroup;
			children = (
				E64AF50B2AFEBEC4008AD159 /* Repository.swift */,
				E606AE2E2B05342C004661E9 /* User.swift */,
			);
			path = Model;
			sourceTree = "<group>";
		};
		E69768EB2AFE609A003BDA50 = {
			isa = PBXGroup;
			children = (
				E69768F62AFE609A003BDA50 /* IOS-class-test */,
				E69768F52AFE609A003BDA50 /* Products */,
			);
			sourceTree = "<group>";
		};
		E69768F52AFE609A003BDA50 /* Products */ = {
			isa = PBXGroup;
			children = (
				E69768F42AFE609A003BDA50 /* IOS-class-test.app */,
			);
			name = Products;
			sourceTree = "<group>";
		};
		E69768F62AFE609A003BDA50 /* IOS-class-test */ = {
			isa = PBXGroup;
			children = (
				E6BBE0FC2B06F4F700005F53 /* ExtensionsSwift.swift */,
				E644793F2B00110F00525CC8 /* Network */,
				E64AF50A2AFEBCEB008AD159 /* Model */,
				E697690B2AFE65DC003BDA50 /* View */,
				E69768F72AFE609A003BDA50 /* AppDelegate.swift */,
				E69768F92AFE609A003BDA50 /* SceneDelegate.swift */,
				E69769002AFE609E003BDA50 /* Assets.xcassets */,
				E69769022AFE609E003BDA50 /* LaunchScreen.storyboard */,
				E69769052AFE609E003BDA50 /* Info.plist */,
			);
			path = "IOS-class-test";
			sourceTree = "<group>";
		};
		E697690B2AFE65DC003BDA50 /* View */ = {
			isa = PBXGroup;
			children = (
				E69B71582B05678800E4CEE7 /* ViewController */,
				E6EA8EF02B022822001E4EEE /* HeaderCell */,
				E6B0AC5D2B013D0700F0C6D9 /* CellView */,
				E61C4F2C2B017EC2002EBAA5 /* Colors */,
				E6FDA23E2B06DD5C00CB6DEB /* FilterCell */,
			);
			path = View;
			sourceTree = "<group>";
		};
		E69B71582B05678800E4CEE7 /* ViewController */ = {
			isa = PBXGroup;
			children = (
				E6BBE0F92B06EDB900005F53 /* ResultsViewController */,
				E6BBE0F82B06EDAB00005F53 /* ViewController */,
				E6BBE0F72B06ED9700005F53 /* OptionsViewController */,
				E69768FD2AFE609A003BDA50 /* Main.storyboard */,
			);
			path = ViewController;
			sourceTree = "<group>";
		};
		E6B0AC5D2B013D0700F0C6D9 /* CellView */ = {
			isa = PBXGroup;
			children = (
				E6B0AC602B0150D100F0C6D9 /* CellView.swift */,
				E6B0AC5E2B0150A600F0C6D9 /* CellView.xib */,
			);
			path = CellView;
			sourceTree = "<group>";
		};
		E6BBE0F72B06ED9700005F53 /* OptionsViewController */ = {
			isa = PBXGroup;
			children = (
				E69B71592B0567B500E4CEE7 /* OptionsViewController.swift */,
			);
			path = OptionsViewController;
			sourceTree = "<group>";
		};
		E6BBE0F82B06EDAB00005F53 /* ViewController */ = {
			isa = PBXGroup;
			children = (
				E69769132AFE72B6003BDA50 /* ViewController.swift */,
			);
			path = ViewController;
			sourceTree = "<group>";
		};
		E6BBE0F92B06EDB900005F53 /* ResultsViewController */ = {
			isa = PBXGroup;
			children = (
				E69769152AFE72CD003BDA50 /* ResultsViewController.swift */,
			);
			path = ResultsViewController;
			sourceTree = "<group>";
		};
		E6EA8EF02B022822001E4EEE /* HeaderCell */ = {
			isa = PBXGroup;
			children = (
				E6EA8EF12B02284C001E4EEE /* HeaderCell.swift */,
				E6EA8EF32B022990001E4EEE /* HeaderCell.xib */,
			);
			path = HeaderCell;
			sourceTree = "<group>";
		};
		E6FDA23E2B06DD5C00CB6DEB /* FilterCell */ = {
			isa = PBXGroup;
			children = (
				E6FDA2452B06E31E00CB6DEB /* FilterCell.swift */,
				E6FDA2432B06E2EE00CB6DEB /* FilterCell.xib */,
			);
			path = FilterCell;
			sourceTree = "<group>";
		};
/* End PBXGroup section */

/* Begin PBXNativeTarget section */
		E69768F32AFE609A003BDA50 /* IOS-class-test */ = {
			isa = PBXNativeTarget;
			buildConfigurationList = E69769082AFE609E003BDA50 /* Build configuration list for PBXNativeTarget "IOS-class-test" */;
			buildPhases = (
				E69768F02AFE609A003BDA50 /* Sources */,
				E69768F12AFE609A003BDA50 /* Frameworks */,
				E69768F22AFE609A003BDA50 /* Resources */,
			);
			buildRules = (
			);
			dependencies = (
			);
			name = "IOS-class-test";
			productName = "IOS-class-test";
			productReference = E69768F42AFE609A003BDA50 /* IOS-class-test.app */;
			productType = "com.apple.product-type.application";
		};
/* End PBXNativeTarget section */

/* Begin PBXProject section */
		E69768EC2AFE609A003BDA50 /* Project object */ = {
			isa = PBXProject;
			attributes = {
				BuildIndependentTargetsInParallel = 1;
				LastSwiftUpdateCheck = 1420;
				LastUpgradeCheck = 1420;
				TargetAttributes = {
					E69768F32AFE609A003BDA50 = {
						CreatedOnToolsVersion = 14.2;
					};
				};
			};
			buildConfigurationList = E69768EF2AFE609A003BDA50 /* Build configuration list for PBXProject "IOS-class-test" */;
			compatibilityVersion = "Xcode 14.0";
			developmentRegion = en;
			hasScannedForEncodings = 0;
			knownRegions = (
				en,
				Base,
			);
			mainGroup = E69768EB2AFE609A003BDA50;
			productRefGroup = E69768F52AFE609A003BDA50 /* Products */;
			projectDirPath = "";
			projectRoot = "";
			targets = (
				E69768F32AFE609A003BDA50 /* IOS-class-test */,
			);
		};
/* End PBXProject section */

/* Begin PBXResourcesBuildPhase section */
		E69768F22AFE609A003BDA50 /* Resources */ = {
			isa = PBXResourcesBuildPhase;
			buildActionMask = 2147483647;
			files = (
				E6FDA2442B06E2EE00CB6DEB /* FilterCell.xib in Resources */,
				E6B0AC5F2B0150A600F0C6D9 /* CellView.xib in Resources */,
				E69769042AFE609E003BDA50 /* LaunchScreen.storyboard in Resources */,
				E69769012AFE609E003BDA50 /* Assets.xcassets in Resources */,
				E69768FF2AFE609A003BDA50 /* Main.storyboard in Resources */,
				E6EA8EF42B022990001E4EEE /* HeaderCell.xib in Resources */,
				E61C4F302B018373002EBAA5 /* language-colors.json in Resources */,
			);
			runOnlyForDeploymentPostprocessing = 0;
		};
/* End PBXResourcesBuildPhase section */

/* Begin PBXSourcesBuildPhase section */
		E69768F02AFE609A003BDA50 /* Sources */ = {
			isa = PBXSourcesBuildPhase;
			buildActionMask = 2147483647;
			files = (
				E6BBE0FD2B06F4F700005F53 /* ExtensionsSwift.swift in Sources */,
				E69769142AFE72B6003BDA50 /* ViewController.swift in Sources */,
				E6FDA2462B06E31E00CB6DEB /* FilterCell.swift in Sources */,
				E61C4F2E2B017EFA002EBAA5 /* Colors.swift in Sources */,
				E64AF50C2AFEBEC4008AD159 /* Repository.swift in Sources */,
				E69B715A2B0567B500E4CEE7 /* OptionsViewController.swift in Sources */,
				E64479412B00113700525CC8 /* Network.swift in Sources */,
				E6EA8EF22B02284C001E4EEE /* HeaderCell.swift in Sources */,
				E69768F82AFE609A003BDA50 /* AppDelegate.swift in Sources */,
				E69768FA2AFE609A003BDA50 /* SceneDelegate.swift in Sources */,
				E69769162AFE72CD003BDA50 /* ResultsViewController.swift in Sources */,
				E606AE2F2B05342C004661E9 /* User.swift in Sources */,
				E6B0AC612B0150D100F0C6D9 /* CellView.swift in Sources */,
			);
			runOnlyForDeploymentPostprocessing = 0;
		};
/* End PBXSourcesBuildPhase section */

/* Begin PBXVariantGroup section */
		E69768FD2AFE609A003BDA50 /* Main.storyboard */ = {
			isa = PBXVariantGroup;
			children = (
				E69768FE2AFE609A003BDA50 /* Base */,
			);
			name = Main.storyboard;
			sourceTree = "<group>";
		};
		E69769022AFE609E003BDA50 /* LaunchScreen.storyboard */ = {
			isa = PBXVariantGroup;
			children = (
				E69769032AFE609E003BDA50 /* Base */,
			);
			name = LaunchScreen.storyboard;
			sourceTree = "<group>";
		};
/* End PBXVariantGroup section */

/* Begin XCBuildConfiguration section */
		E69769062AFE609E003BDA50 /* Debug */ = {
			isa = XCBuildConfiguration;
			buildSettings = {
				ALWAYS_SEARCH_USER_PATHS = NO;
				CLANG_ANALYZER_NONNULL = YES;
				CLANG_ANALYZER_NUMBER_OBJECT_CONVERSION = YES_AGGRESSIVE;
				CLANG_CXX_LANGUAGE_STANDARD = "gnu++20";
				CLANG_ENABLE_MODULES = YES;
				CLANG_ENABLE_OBJC_ARC = YES;
				CLANG_ENABLE_OBJC_WEAK = YES;
				CLANG_WARN_BLOCK_CAPTURE_AUTORELEASING = YES;
				CLANG_WARN_BOOL_CONVERSION = YES;
				CLANG_WARN_COMMA = YES;
				CLANG_WARN_CONSTANT_CONVERSION = YES;
				CLANG_WARN_DEPRECATED_OBJC_IMPLEMENTATIONS = YES;
				CLANG_WARN_DIRECT_OBJC_ISA_USAGE = YES_ERROR;
				CLANG_WARN_DOCUMENTATION_COMMENTS = YES;
				CLANG_WARN_EMPTY_BODY = YES;
				CLANG_WARN_ENUM_CONVERSION = YES;
				CLANG_WARN_INFINITE_RECURSION = YES;
				CLANG_WARN_INT_CONVERSION = YES;
				CLANG_WARN_NON_LITERAL_NULL_CONVERSION = YES;
				CLANG_WARN_OBJC_IMPLICIT_RETAIN_SELF = YES;
				CLANG_WARN_OBJC_LITERAL_CONVERSION = YES;
				CLANG_WARN_OBJC_ROOT_CLASS = YES_ERROR;
				CLANG_WARN_QUOTED_INCLUDE_IN_FRAMEWORK_HEADER = YES;
				CLANG_WARN_RANGE_LOOP_ANALYSIS = YES;
				CLANG_WARN_STRICT_PROTOTYPES = YES;
				CLANG_WARN_SUSPICIOUS_MOVE = YES;
				CLANG_WARN_UNGUARDED_AVAILABILITY = YES_AGGRESSIVE;
				CLANG_WARN_UNREACHABLE_CODE = YES;
				CLANG_WARN__DUPLICATE_METHOD_MATCH = YES;
				COPY_PHASE_STRIP = NO;
				DEBUG_INFORMATION_FORMAT = dwarf;
				ENABLE_STRICT_OBJC_MSGSEND = YES;
				ENABLE_TESTABILITY = YES;
				GCC_C_LANGUAGE_STANDARD = gnu11;
				GCC_DYNAMIC_NO_PIC = NO;
				GCC_NO_COMMON_BLOCKS = YES;
				GCC_OPTIMIZATION_LEVEL = 0;
				GCC_PREPROCESSOR_DEFINITIONS = (
					"DEBUG=1",
					"$(inherited)",
				);
				GCC_WARN_64_TO_32_BIT_CONVERSION = YES;
				GCC_WARN_ABOUT_RETURN_TYPE = YES_ERROR;
				GCC_WARN_UNDECLARED_SELECTOR = YES;
				GCC_WARN_UNINITIALIZED_AUTOS = YES_AGGRESSIVE;
				GCC_WARN_UNUSED_FUNCTION = YES;
				GCC_WARN_UNUSED_VARIABLE = YES;
				IPHONEOS_DEPLOYMENT_TARGET = 16.2;
				MTL_ENABLE_DEBUG_INFO = INCLUDE_SOURCE;
				MTL_FAST_MATH = YES;
				ONLY_ACTIVE_ARCH = YES;
				SDKROOT = iphoneos;
				SWIFT_ACTIVE_COMPILATION_CONDITIONS = DEBUG;
				SWIFT_OPTIMIZATION_LEVEL = "-Onone";
			};
			name = Debug;
		};
		E69769072AFE609E003BDA50 /* Release */ = {
			isa = XCBuildConfiguration;
			buildSettings = {
				ALWAYS_SEARCH_USER_PATHS = NO;
				CLANG_ANALYZER_NONNULL = YES;
				CLANG_ANALYZER_NUMBER_OBJECT_CONVERSION = YES_AGGRESSIVE;
				CLANG_CXX_LANGUAGE_STANDARD = "gnu++20";
				CLANG_ENABLE_MODULES = YES;
				CLANG_ENABLE_OBJC_ARC = YES;
				CLANG_ENABLE_OBJC_WEAK = YES;
				CLANG_WARN_BLOCK_CAPTURE_AUTORELEASING = YES;
				CLANG_WARN_BOOL_CONVERSION = YES;
				CLANG_WARN_COMMA = YES;
				CLANG_WARN_CONSTANT_CONVERSION = YES;
				CLANG_WARN_DEPRECATED_OBJC_IMPLEMENTATIONS = YES;
				CLANG_WARN_DIRECT_OBJC_ISA_USAGE = YES_ERROR;
				CLANG_WARN_DOCUMENTATION_COMMENTS = YES;
				CLANG_WARN_EMPTY_BODY = YES;
				CLANG_WARN_ENUM_CONVERSION = YES;
				CLANG_WARN_INFINITE_RECURSION = YES;
				CLANG_WARN_INT_CONVERSION = YES;
				CLANG_WARN_NON_LITERAL_NULL_CONVERSION = YES;
				CLANG_WARN_OBJC_IMPLICIT_RETAIN_SELF = YES;
				CLANG_WARN_OBJC_LITERAL_CONVERSION = YES;
				CLANG_WARN_OBJC_ROOT_CLASS = YES_ERROR;
				CLANG_WARN_QUOTED_INCLUDE_IN_FRAMEWORK_HEADER = YES;
				CLANG_WARN_RANGE_LOOP_ANALYSIS = YES;
				CLANG_WARN_STRICT_PROTOTYPES = YES;
				CLANG_WARN_SUSPICIOUS_MOVE = YES;
				CLANG_WARN_UNGUARDED_AVAILABILITY = YES_AGGRESSIVE;
				CLANG_WARN_UNREACHABLE_CODE = YES;
				CLANG_WARN__DUPLICATE_METHOD_MATCH = YES;
				COPY_PHASE_STRIP = NO;
				DEBUG_INFORMATION_FORMAT = "dwarf-with-dsym";
				ENABLE_NS_ASSERTIONS = NO;
				ENABLE_STRICT_OBJC_MSGSEND = YES;
				GCC_C_LANGUAGE_STANDARD = gnu11;
				GCC_NO_COMMON_BLOCKS = YES;
				GCC_WARN_64_TO_32_BIT_CONVERSION = YES;
				GCC_WARN_ABOUT_RETURN_TYPE = YES_ERROR;
				GCC_WARN_UNDECLARED_SELECTOR = YES;
				GCC_WARN_UNINITIALIZED_AUTOS = YES_AGGRESSIVE;
				GCC_WARN_UNUSED_FUNCTION = YES;
				GCC_WARN_UNUSED_VARIABLE = YES;
				IPHONEOS_DEPLOYMENT_TARGET = 16.2;
				MTL_ENABLE_DEBUG_INFO = NO;
				MTL_FAST_MATH = YES;
				SDKROOT = iphoneos;
				SWIFT_COMPILATION_MODE = wholemodule;
				SWIFT_OPTIMIZATION_LEVEL = "-O";
				VALIDATE_PRODUCT = YES;
			};
			name = Release;
		};
		E69769092AFE609E003BDA50 /* Debug */ = {
			isa = XCBuildConfiguration;
			buildSettings = {
				ASSETCATALOG_COMPILER_APPICON_NAME = AppIcon;
				ASSETCATALOG_COMPILER_GLOBAL_ACCENT_COLOR_NAME = AccentColor;
				CODE_SIGN_STYLE = Automatic;
				CURRENT_PROJECT_VERSION = 1;
				DEVELOPMENT_TEAM = X6R46YMZ66;
				GENERATE_INFOPLIST_FILE = YES;
				INFOPLIST_FILE = "IOS-class-test/Info.plist";
				INFOPLIST_KEY_UIApplicationSupportsIndirectInputEvents = YES;
				INFOPLIST_KEY_UILaunchStoryboardName = LaunchScreen;
				INFOPLIST_KEY_UIMainStoryboardFile = Main;
				INFOPLIST_KEY_UISupportedInterfaceOrientations_iPad = "UIInterfaceOrientationPortrait UIInterfaceOrientationPortraitUpsideDown UIInterfaceOrientationLandscapeLeft UIInterfaceOrientationLandscapeRight";
				INFOPLIST_KEY_UISupportedInterfaceOrientations_iPhone = "UIInterfaceOrientationPortrait UIInterfaceOrientationLandscapeLeft UIInterfaceOrientationLandscapeRight";
				LD_RUNPATH_SEARCH_PATHS = (
					"$(inherited)",
					"@executable_path/Frameworks",
				);
				MARKETING_VERSION = 1.0;
				PRODUCT_BUNDLE_IDENTIFIER = "com.chefs.study.IOS-class-test";
				PRODUCT_NAME = "$(TARGET_NAME)";
				SWIFT_EMIT_LOC_STRINGS = YES;
				SWIFT_VERSION = 5.0;
				TARGETED_DEVICE_FAMILY = "1,2";
			};
			name = Debug;
		};
		E697690A2AFE609E003BDA50 /* Release */ = {
			isa = XCBuildConfiguration;
			buildSettings = {
				ASSETCATALOG_COMPILER_APPICON_NAME = AppIcon;
				ASSETCATALOG_COMPILER_GLOBAL_ACCENT_COLOR_NAME = AccentColor;
				CODE_SIGN_STYLE = Automatic;
				CURRENT_PROJECT_VERSION = 1;
				DEVELOPMENT_TEAM = X6R46YMZ66;
				GENERATE_INFOPLIST_FILE = YES;
				INFOPLIST_FILE = "IOS-class-test/Info.plist";
				INFOPLIST_KEY_UIApplicationSupportsIndirectInputEvents = YES;
				INFOPLIST_KEY_UILaunchStoryboardName = LaunchScreen;
				INFOPLIST_KEY_UIMainStoryboardFile = Main;
				INFOPLIST_KEY_UISupportedInterfaceOrientations_iPad = "UIInterfaceOrientationPortrait UIInterfaceOrientationPortraitUpsideDown UIInterfaceOrientationLandscapeLeft UIInterfaceOrientationLandscapeRight";
				INFOPLIST_KEY_UISupportedInterfaceOrientations_iPhone = "UIInterfaceOrientationPortrait UIInterfaceOrientationLandscapeLeft UIInterfaceOrientationLandscapeRight";
				LD_RUNPATH_SEARCH_PATHS = (
					"$(inherited)",
					"@executable_path/Frameworks",
				);
				MARKETING_VERSION = 1.0;
				PRODUCT_BUNDLE_IDENTIFIER = "com.chefs.study.IOS-class-test";
				PRODUCT_NAME = "$(TARGET_NAME)";
				SWIFT_EMIT_LOC_STRINGS = YES;
				SWIFT_VERSION = 5.0;
				TARGETED_DEVICE_FAMILY = "1,2";
			};
			name = Release;
		};
/* End XCBuildConfiguration section */

/* Begin XCConfigurationList section */
		E69768EF2AFE609A003BDA50 /* Build configuration list for PBXProject "IOS-class-test" */ = {
			isa = XCConfigurationList;
			buildConfigurations = (
				E69769062AFE609E003BDA50 /* Debug */,
				E69769072AFE609E003BDA50 /* Release */,
			);
			defaultConfigurationIsVisible = 0;
			defaultConfigurationName = Release;
		};
		E69769082AFE609E003BDA50 /* Build configuration list for PBXNativeTarget "IOS-class-test" */ = {
			isa = XCConfigurationList;
			buildConfigurations = (
				E69769092AFE609E003BDA50 /* Debug */,
				E697690A2AFE609E003BDA50 /* Release */,
			);
			defaultConfigurationIsVisible = 0;
			defaultConfigurationName = Release;
		};
/* End XCConfigurationList section */
	};
	rootObject = E69768EC2AFE609A003BDA50 /* Project object */;
}
